<Solution>
  <Folder Name="/Solution Items/">
    <File Path="../docker-compose.yml" />
    <File Path="../CPDLC.json" />
  </Folder>
  <Project Path="../build/_build.csproj">
    <Build Project="false" />
  </Project>
  <Project Path="CPDLCPlugin.Tests/CPDLCPlugin.Tests.csproj" />
  <Project Path="CPDLCPlugin/CPDLCPlugin.csproj" />
  <Project Path="CPDLCServer.Contracts/CPDLCServer.Contracts.csproj" />
  <Project Path="CPDLCServer.Tests/CPDLCServer.Tests.csproj" />
  <Project Path="CPDLCServer/CPDLCServer.csproj" />
</Solution>
